
Microsoft Visual Studio Solution File, Format Version 12.00
# Visual Studio 15
VisualStudioVersion = 15.0.28307.960
MinimumVisualStudioVersion = 10.0.40219.1
Project("{8BC9CEB8-8B4A-11D0-8D11-00A0C91BC942}") = "CubeImplementations", "CubeImplementations\CubeImplementations.vcxproj", "{4FC09487-3FCB-46B3-B585-EE8D9A6EE8E9}"
EndProject
Project("{8BC9CEB8-8B4A-11D0-8D11-00A0C91BC942}") = "UnitTest1", "UnitTest1\UnitTest1.vcxproj", "{8E798D7D-8BE0-4B94-901C-D92A518D3020}"
EndProject
Global
	GlobalSection(SolutionConfigurationPlatforms) = preSolution
		Debug|x64 = Debug|x64
		Debug|x86 = Debug|x86
		Release|x64 = Release|x64
		Release|x86 = Release|x86
	EndGlobalSection
	GlobalSection(ProjectConfigurationPlatforms) = postSolution
		{4FC09487-3FCB-46B3-B585-EE8D9A6EE8E9}.Debug|x64.ActiveCfg = Debug|x64
		{4FC09487-3FCB-46B3-B585-EE8D9A6EE8E9}.Debug|x64.Build.0 = Debug|x64
		{4FC09487-3FCB-46B3-B585-EE8D9A6EE8E9}.Debug|x86.ActiveCfg = Debug|Win32
		{4FC09487-3FCB-46B3-B585-EE8D9A6EE8E9}.Debug|x86.Build.0 = Debug|Win32
		{4FC09487-3FCB-46B3-B585-EE8D9A6EE8E9}.Release|x64.ActiveCfg = Release|x64
		{4FC09487-3FCB-46B3-B585-EE8D9A6EE8E9}.Release|x64.Build.0 = Release|x64
		{4FC09487-3FCB-46B3-B585-EE8D9A6EE8E9}.Release|x86.ActiveCfg = Release|Win32
		{4FC09487-3FCB-46B3-B585-EE8D9A6EE8E9}.Release|x86.Build.0 = Release|Win32
		{8E798D7D-8BE0-4B94-901C-D92A518D3020}.Debug|x64.ActiveCfg = Debug|x64
		{8E798D7D-8BE0-4B94-901C-D92A518D3020}.Debug|x64.Build.0 = Debug|x64
		{8E798D7D-8BE0-4B94-901C-D92A518D3020}.Debug|x86.ActiveCfg = Debug|Win32
		{8E798D7D-8BE0-4B94-901C-D92A518D3020}.Debug|x86.Build.0 = Debug|Win32
		{8E798D7D-8BE0-4B94-901C-D92A518D3020}.Release|x64.ActiveCfg = Release|x64
		{8E798D7D-8BE0-4B94-901C-D92A518D3020}.Release|x64.Build.0 = Release|x64
		{8E798D7D-8BE0-4B94-901C-D92A518D3020}.Release|x86.ActiveCfg = Release|Win32
		{8E798D7D-8BE0-4B94-901C-D92A518D3020}.Release|x86.Build.0 = Release|Win32
	EndGlobalSection
	GlobalSection(SolutionProperties) = preSolution
		HideSolutionNode = FALSE
	EndGlobalSection
	GlobalSection(ExtensibilityGlobals) = postSolution
		SolutionGuid = {7EC236F1-A51B-473B-B286-1486B5D910A8}
	EndGlobalSection
EndGlobal
